{
  "name": "@frxnklyn/command-runner",
  "version": "0.1.0",
  "lockfileVersion": 3,
  "requires": true,
  "packages": {
    "": {
      "name": "@frxnklyn/command-runner",
      "version": "0.1.0",
      "license": "MIT",
      "devDependencies": {
        "@frxnklyn/command-contracts": "file:../npm-command-contracts",
        "@frxnklyn/directory-contracts": "file:../npm-directory-contracts",
        "@types/node": "^24.9.1",
        "typescript": "^5.9.3"
      },
      "peerDependencies": {
        "@frxnklyn/command-contracts": "github:Frxnklyn/npm-command-contracts",
        "@frxnklyn/directory-contracts": "github:Frxnklyn/npm-directory-contracts"
      }
    },
    "../npm-command-contracts": {
      "name": "@frxnklyn/command-contracts",
      "version": "0.1.0",
      "dev": true,
      "license": "MIT",
      "devDependencies": {
        "@frxnklyn/directory-contracts": "file:../npm-directory-contracts",
        "typescript": "^5.9.3"
      },
      "peerDependencies": {
        "@frxnklyn/directory-contracts": "github:Frxnklyn/npm-directory-contracts"
      }
    },
    "../npm-directory-contracts": {
      "name": "@frxnklyn/directory-contracts",
      "version": "0.1.0",
      "dev": true,
      "license": "MIT",
      "dependencies": {
        "@frxnklyn/datatypes": "github:Frxnklyn/npm-datatypes"
      },
      "devDependencies": {
        "typescript": "^5.9.3"
      }
    },
    "node_modules/@frxnklyn/command-contracts": {
      "resolved": "../npm-command-contracts",
      "link": true
    },
    "node_modules/@frxnklyn/directory-contracts": {
      "resolved": "../npm-directory-contracts",
      "link": true
    },
    "node_modules/@types/node": {
      "version": "24.13.1",
      "resolved": "https://registry.npmjs.org/@types/node/-/node-24.13.1.tgz",
      "integrity": "sha512-RSpUJGmvsJ1ZeBehQZFhIdpsz+bIpES0nIQXko4Ybq+N+kX6XvOq3Jo+iJ82FWLdblFq85AsMikd3m35jgezYg==",
      "dev": true,
      "license": "MIT",
      "dependencies": {
        "undici-types": "~7.18.0"
      }
    },
    "node_modules/typescript": {
      "version": "5.9.3",
      "resolved": "https://registry.npmjs.org/typescript/-/typescript-5.9.3.tgz",
      "integrity": "sha512-jl1vZzPDinLr9eUt3J/t7V6FgNEw9QjvBPdysz9KfQDD41fQrC2Y4vKQdiaUpFT4bXlb1RHhLpp8wtm6M5TgSw==",
      "dev": true,
      "license": "Apache-2.0",
      "bin": {
        "tsc": "bin/tsc",
        "tsserver": "bin/tsserver"
      },
      "engines": {
        "node": ">=14.17"
      }
    },
    "node_modules/undici-types": {
      "version": "7.18.2",
      "resolved": "https://registry.npmjs.org/undici-types/-/undici-types-7.18.2.tgz",
      "integrity": "sha512-AsuCzffGHJybSaRrmr5eHr81mwJU3kjw6M+uprWvCXiNeN9SOGwQ3Jn8jb8m3Z6izVgknn1R0FTCEAP2QrLY/w==",
      "dev": true,
      "license": "MIT"
    }
  }
}
